
Microsoft Visual Studio Solution File, Format Version 12.00
# Visual Studio Version 17
VisualStudioVersion = 17.7.34024.191
MinimumVisualStudioVersion = 10.0.40219.1
Project("{9A19103F-16F7-4668-BE54-9A1E7A4F7556}") = "CRM", "CRM\CRM.csproj", "{D8F4AAB9-E09D-41DF-8BED-2CEFA4CCD746}"
EndProject
Project("{FAE04EC0-301F-11D3-BF4B-00C04F79EFBC}") = "DAL", "DAL\DAL.csproj", "{A6D9BE4B-2FD1-401E-AB80-6F755CD1A24F}"
EndProject
Project("{FAE04EC0-301F-11D3-BF4B-00C04F79EFBC}") = "Domain", "Domain\Domain.csproj", "{6FCADC95-2A45-4A79-A573-7D15AFEEAC33}"
EndProject
Global
	GlobalSection(SolutionConfigurationPlatforms) = preSolution
		Debug|Any CPU = Debug|Any CPU
		Release|Any CPU = Release|Any CPU
	EndGlobalSection
	GlobalSection(ProjectConfigurationPlatforms) = postSolution
		{D8F4AAB9-E09D-41DF-8BED-2CEFA4CCD746}.Debug|Any CPU.ActiveCfg = Debug|Any CPU
		{D8F4AAB9-E09D-41DF-8BED-2CEFA4CCD746}.Debug|Any CPU.Build.0 = Debug|Any CPU
		{D8F4AAB9-E09D-41DF-8BED-2CEFA4CCD746}.Release|Any CPU.ActiveCfg = Release|Any CPU
		{D8F4AAB9-E09D-41DF-8BED-2CEFA4CCD746}.Release|Any CPU.Build.0 = Release|Any CPU
		{A6D9BE4B-2FD1-401E-AB80-6F755CD1A24F}.Debug|Any CPU.ActiveCfg = Debug|Any CPU
		{A6D9BE4B-2FD1-401E-AB80-6F755CD1A24F}.Debug|Any CPU.Build.0 = Debug|Any CPU
		{A6D9BE4B-2FD1-401E-AB80-6F755CD1A24F}.Release|Any CPU.ActiveCfg = Release|Any CPU
		{A6D9BE4B-2FD1-401E-AB80-6F755CD1A24F}.Release|Any CPU.Build.0 = Release|Any CPU
		{6FCADC95-2A45-4A79-A573-7D15AFEEAC33}.Debug|Any CPU.ActiveCfg = Debug|Any CPU
		{6FCADC95-2A45-4A79-A573-7D15AFEEAC33}.Debug|Any CPU.Build.0 = Debug|Any CPU
		{6FCADC95-2A45-4A79-A573-7D15AFEEAC33}.Release|Any CPU.ActiveCfg = Release|Any CPU
		{6FCADC95-2A45-4A79-A573-7D15AFEEAC33}.Release|Any CPU.Build.0 = Release|Any CPU
	EndGlobalSection
	GlobalSection(SolutionProperties) = preSolution
		HideSolutionNode = FALSE
	EndGlobalSection
	GlobalSection(ExtensibilityGlobals) = postSolution
		SolutionGuid = {A34D93CF-16BA-49F3-B074-A1EDB2C37405}
	EndGlobalSection
EndGlobal
